// !$*UTF8*$!
{
	archiveVersion = 1;
	classes = {
	};
	objectVersion = 46;
	objects = {

/* Begin PBXBuildFile section */
		AA3EF1281A23A09200AC2858 /* main.m in Sources */ = {isa = PBXBuildFile; fileRef = AA3EF1271A23A09200AC2858 /* main.m */; };
		AA3EF12B1A23A09200AC2858 /* AppDelegate.m in Sources */ = {isa = PBXBuildFile; fileRef = AA3EF12A1A23A09200AC2858 /* AppDelegate.m */; };
		AA3EF12E1A23A09200AC2858 /* ViewController.m in Sources */ = {isa = PBXBuildFile; fileRef = AA3EF12D1A23A09200AC2858 /* ViewController.m */; };
		AA3EF1311A23A09200AC2858 /* Main.storyboard in Resources */ = {isa = PBXBuildFile; fileRef = AA3EF12F1A23A09200AC2858 /* Main.storyboard */; };
		AA3EF1331A23A09200AC2858 /* Images.xcassets in Resources */ = {isa = PBXBuildFile; fileRef = AA3EF1321A23A09200AC2858 /* Images.xcassets */; };
		AA3EF1361A23A09200AC2858 /* LaunchScreen.xib in Resources */ = {isa = PBXBuildFile; fileRef = AA3EF1341A23A09200AC2858 /* LaunchScreen.xib */; };
		AA3EF1421A23A09200AC2858 /* MapView2Tests.m in Sources */ = {isa = PBXBuildFile; fileRef = AA3EF1411A23A09200AC2858 /* MapView2Tests.m */; };
		AA3EF14C1A23A7D000AC2858 /* MapKit.framework in Frameworks */ = {isa = PBXBuildFile; fileRef = AA3EF14B1A23A7D000AC2858 /* MapKit.framework */; };
		AAA326551A23D4CA002D4DD3 /* MapPin.m in Sources */ = {isa = PBXBuildFile; fileRef = AAA326541A23D4CA002D4DD3 /* MapPin.m */; };
		AABDCB241A2CE7630001F773 /* logo2.png in Resources */ = {isa = PBXBuildFile; fileRef = AABDCB231A2CE7630001F773 /* logo2.png */; };
/* End PBXBuildFile section */

/* Begin PBXContainerItemProxy section */
		AA3EF13C1A23A09200AC2858 /* PBXContainerItemProxy */ = {
			isa = PBXContainerItemProxy;
			containerPortal = AA3EF11A1A23A09200AC2858 /* Project object */;
			proxyType = 1;
			remoteGlobalIDString = AA3EF1211A23A09200AC2858;
			remoteInfo = MapView2;
		};
/* End PBXContainerItemProxy section */

/* Begin PBXFileReference section */
		AA3EF1221A23A09200AC2858 /* MapView2.app */ = {isa = PBXFileReference; explicitFileType = wrapper.application; includeInIndex = 0; path = MapView2.app; sourceTree = BUILT_PRODUCTS_DIR; };
		AA3EF1261A23A09200AC2858 /* Info.plist */ = {isa = PBXFileReference; lastKnownFileType = text.plist.xml; path = Info.plist; sourceTree = "<group>"; };
		AA3EF1271A23A09200AC2858 /* main.m */ = {isa = PBXFileReference; lastKnownFileType = sourcecode.c.objc; path = main.m; sourceTree = "<group>"; };
		AA3EF1291A23A09200AC2858 /* AppDelegate.h */ = {isa = PBXFileReference; lastKnownFileType = sourcecode.c.h; path = AppDelegate.h; sourceTree = "<group>"; };
		AA3EF12A1A23A09200AC2858 /* AppDelegate.m */ = {isa = PBXFileReference; lastKnownFileType = sourcecode.c.objc; path = AppDelegate.m; sourceTree = "<group>"; };
		AA3EF12C1A23A09200AC2858 /* ViewController.h */ = {isa = PBXFileReference; lastKnownFileType = sourcecode.c.h; path = ViewController.h; sourceTree = "<group>"; };
		AA3EF12D1A23A09200AC2858 /* ViewController.m */ = {isa = PBXFileReference; lastKnownFileType = sourcecode.c.objc; path = ViewController.m; sourceTree = "<group>"; };
		AA3EF1301A23A09200AC2858 /* Base */ = {isa = PBXFileReference; lastKnownFileType = file.storyboard; name = Base; path = Base.lproj/Main.storyboard; sourceTree = "<group>"; };
		AA3EF1321A23A09200AC2858 /* Images.xcassets */ = {isa = PBXFileReference; lastKnownFileType = folder.assetcatalog; path = Images.xcassets; sourceTree = "<group>"; };
		AA3EF1351A23A09200AC2858 /* Base */ = {isa = PBXFileReference; lastKnownFileType = file.xib; name = Base; path = Base.lproj/LaunchScreen.xib; sourceTree = "<group>"; };
		AA3EF13B1A23A09200AC2858 /* MapView2Tests.xctest */ = {isa = PBXFileReference; explicitFileType = wrapper.cfbundle; includeInIndex = 0; path = MapView2Tests.xctest; sourceTree = BUILT_PRODUCTS_DIR; };
		AA3EF1401A23A09200AC2858 /* Info.plist */ = {isa = PBXFileReference; lastKnownFileType = text.plist.xml; path = Info.plist; sourceTree = "<group>"; };
		AA3EF1411A23A09200AC2858 /* MapView2Tests.m */ = {isa = PBXFileReference; lastKnownFileType = sourcecode.c.objc; path = MapView2Tests.m; sourceTree = "<group>"; };
		AA3EF14B1A23A7D000AC2858 /* MapKit.framework */ = {isa = PBXFileReference; lastKnownFileType = wrapper.framework; name = MapKit.framework; path = System/Library/Frameworks/MapKit.framework; sourceTree = SDKROOT; };
		AAA326531A23D4CA002D4DD3 /* MapPin.h */ = {isa = PBXFileReference; fileEncoding = 4; lastKnownFileType = sourcecode.c.h; path = MapPin.h; sourceTree = "<group>"; };
		AAA326541A23D4CA002D4DD3 /* MapPin.m */ = {isa = PBXFileReference; fileEncoding = 4; lastKnownFileType = sourcecode.c.objc; path = MapPin.m; sourceTree = "<group>"; };
		AABDCB231A2CE7630001F773 /* logo2.png */ = {isa = PBXFileReference; lastKnownFileType = image.png; path = logo2.png; sourceTree = "<group>"; };
/* End PBXFileReference section */

/* Begin PBXFrameworksBuildPhase section */
		AA3EF11F1A23A09200AC2858 /* Frameworks */ = {
			isa = PBXFrameworksBuildPhase;
			buildActionMask = 2147483647;
			files = (
				AA3EF14C1A23A7D000AC2858 /* MapKit.framework in Frameworks */,
			);
			runOnlyForDeploymentPostprocessing = 0;
		};
		AA3EF1381A23A09200AC2858 /* Frameworks */ = {
			isa = PBXFrameworksBuildPhase;
			buildActionMask = 2147483647;
			files = (
			);
			runOnlyForDeploymentPostprocessing = 0;
		};
/* End PBXFrameworksBuildPhase section */

/* Begin PBXGroup section */
		AA3EF1191A23A09200AC2858 = {
			isa = PBXGroup;
			children = (
				AA3EF14B1A23A7D000AC2858 /* MapKit.framework */,
				AA3EF1241A23A09200AC2858 /* MapView2 */,
				AA3EF13E1A23A09200AC2858 /* MapView2Tests */,
				AA3EF1231A23A09200AC2858 /* Products */,
			);
			sourceTree = "<group>";
		};
		AA3EF1231A23A09200AC2858 /* Products */ = {
			isa = PBXGroup;
			children = (
				AA3EF1221A23A09200AC2858 /* MapView2.app */,
				AA3EF13B1A23A09200AC2858 /* MapView2Tests.xctest */,
			);
			name = Products;
			sourceTree = "<group>";
		};
		AA3EF1241A23A09200AC2858 /* MapView2 */ = {
			isa = PBXGroup;
			children = (
				AAA326531A23D4CA002D4DD3 /* MapPin.h */,
				AAA326541A23D4CA002D4DD3 /* MapPin.m */,
				AA3EF12C1A23A09200AC2858 /* ViewController.h */,
				AA3EF12D1A23A09200AC2858 /* ViewController.m */,
				AA3EF12F1A23A09200AC2858 /* Main.storyboard */,
				AA3EF1321A23A09200AC2858 /* Images.xcassets */,
				AA3EF1341A23A09200AC2858 /* LaunchScreen.xib */,
				AA3EF1251A23A09200AC2858 /* Supporting Files */,
			);
			path = MapView2;
			sourceTree = "<group>";
		};
		AA3EF1251A23A09200AC2858 /* Supporting Files */ = {
			isa = PBXGroup;
			children = (
				AABDCB231A2CE7630001F773 /* logo2.png */,
				AA3EF1291A23A09200AC2858 /* AppDelegate.h */,
				AA3EF12A1A23A09200AC2858 /* AppDelegate.m */,
				AA3EF1261A23A09200AC2858 /* Info.plist */,
				AA3EF1271A23A09200AC2858 /* main.m */,
			);
			name = "Supporting Files";
			sourceTree = "<group>";
		};
		AA3EF13E1A23A09200AC2858 /* MapView2Tests */ = {
			isa = PBXGroup;
			children = (
				AA3EF1411A23A09200AC2858 /* MapView2Tests.m */,
				AA3EF13F1A23A09200AC2858 /* Supporting Files */,
			);
			path = MapView2Tests;
			sourceTree = "<group>";
		};
		AA3EF13F1A23A09200AC2858 /* Supporting Files */ = {
			isa = PBXGroup;
			children = (
				AA3EF1401A23A09200AC2858 /* Info.plist */,
			);
			name = "Supporting Files";
			sourceTree = "<group>";
		};
/* End PBXGroup section */

/* Begin PBXNativeTarget section */
		AA3EF1211A23A09200AC2858 /* MapView2 */ = {
			isa = PBXNativeTarget;
			buildConfigurationList = AA3EF1451A23A09200AC2858 /* Build configuration list for PBXNativeTarget "MapView2" */;
			buildPhases = (
				AA3EF11E1A23A09200AC2858 /* Sources */,
				AA3EF11F1A23A09200AC2858 /* Frameworks */,
				AA3EF1201A23A09200AC2858 /* Resources */,
			);
			buildRules = (
			);
			dependencies = (
			);
			name = MapView2;
			productName = MapView2;
			productReference = AA3EF1221A23A09200AC2858 /* MapView2.app */;
			productType = "com.apple.product-type.application";
		};
		AA3EF13A1A23A09200AC2858 /* MapView2Tests */ = {
			isa = PBXNativeTarget;
			buildConfigurationList = AA3EF1481A23A09200AC2858 /* Build configuration list for PBXNativeTarget "MapView2Tests" */;
			buildPhases = (
				AA3EF1371A23A09200AC2858 /* Sources */,
				AA3EF1381A23A09200AC2858 /* Frameworks */,
				AA3EF1391A23A09200AC2858 /* Resources */,
			);
			buildRules = (
			);
			dependencies = (
				AA3EF13D1A23A09200AC2858 /* PBXTargetDependency */,
			);
			name = MapView2Tests;
			productName = MapView2Tests;
			productReference = AA3EF13B1A23A09200AC2858 /* MapView2Tests.xctest */;
			productType = "com.apple.product-type.bundle.unit-test";
		};
/* End PBXNativeTarget section */

/* Begin PBXProject section */
		AA3EF11A1A23A09200AC2858 /* Project object */ = {
			isa = PBXProject;
			attributes = {
				LastUpgradeCheck = 0600;
				ORGANIZATIONNAME = "John Bogil";
				TargetAttributes = {
					AA3EF1211A23A09200AC2858 = {
						CreatedOnToolsVersion = 6.0.1;
					};
					AA3EF13A1A23A09200AC2858 = {
						CreatedOnToolsVersion = 6.0.1;
						TestTargetID = AA3EF1211A23A09200AC2858;
					};
				};
			};
			buildConfigurationList = AA3EF11D1A23A09200AC2858 /* Build configuration list for PBXProject "MapView2" */;
			compatibilityVersion = "Xcode 3.2";
			developmentRegion = English;
			hasScannedForEncodings = 0;
			knownRegions = (
				en,
				Base,
			);
			mainGroup = AA3EF1191A23A09200AC2858;
			productRefGroup = AA3EF1231A23A09200AC2858 /* Products */;
			projectDirPath = "";
			projectRoot = "";
			targets = (
				AA3EF1211A23A09200AC2858 /* MapView2 */,
				AA3EF13A1A23A09200AC2858 /* MapView2Tests */,
			);
		};
/* End PBXProject section */

/* Begin PBXResourcesBuildPhase section */
		AA3EF1201A23A09200AC2858 /* Resources */ = {
			isa = PBXResourcesBuildPhase;
			buildActionMask = 2147483647;
			files = (
				AA3EF1311A23A09200AC2858 /* Main.storyboard in Resources */,
				AABDCB241A2CE7630001F773 /* logo2.png in Resources */,
				AA3EF1361A23A09200AC2858 /* LaunchScreen.xib in Resources */,
				AA3EF1331A23A09200AC2858 /* Images.xcassets in Resources */,
			);
			runOnlyForDeploymentPostprocessing = 0;
		};
		AA3EF1391A23A09200AC2858 /* Resources */ = {
			isa = PBXResourcesBuildPhase;
			buildActionMask = 2147483647;
			files = (
			);
			runOnlyForDeploymentPostprocessing = 0;
		};
/* End PBXResourcesBuildPhase section */

/* Begin PBXSourcesBuildPhase section */
		AA3EF11E1A23A09200AC2858 /* Sources */ = {
			isa = PBXSourcesBuildPhase;
			buildActionMask = 2147483647;
			files = (
				AAA326551A23D4CA002D4DD3 /* MapPin.m in Sources */,
				AA3EF12E1A23A09200AC2858 /* ViewController.m in Sources */,
				AA3EF12B1A23A09200AC2858 /* AppDelegate.m in Sources */,
				AA3EF1281A23A09200AC2858 /* main.m in Sources */,
			);
			runOnlyForDeploymentPostprocessing = 0;
		};
		AA3EF1371A23A09200AC2858 /* Sources */ = {
			isa = PBXSourcesBuildPhase;
			buildActionMask = 2147483647;
			files = (
				AA3EF1421A23A09200AC2858 /* MapView2Tests.m in Sources */,
			);
			runOnlyForDeploymentPostprocessing = 0;
		};
/* End PBXSourcesBuildPhase section */

/* Begin PBXTargetDependency section */
		AA3EF13D1A23A09200AC2858 /* PBXTargetDependency */ = {
			isa = PBXTargetDependency;
			target = AA3EF1211A23A09200AC2858 /* MapView2 */;
			targetProxy = AA3EF13C1A23A09200AC2858 /* PBXContainerItemProxy */;
		};
/* End PBXTargetDependency section */

/* Begin PBXVariantGroup section */
		AA3EF12F1A23A09200AC2858 /* Main.storyboard */ = {
			isa = PBXVariantGroup;
			children = (
				AA3EF1301A23A09200AC2858 /* Base */,
			);
			name = Main.storyboard;
			sourceTree = "<group>";
		};
		AA3EF1341A23A09200AC2858 /* LaunchScreen.xib */ = {
			isa = PBXVariantGroup;
			children = (
				AA3EF1351A23A09200AC2858 /* Base */,
			);
			name = LaunchScreen.xib;
			sourceTree = "<group>";
		};
/* End PBXVariantGroup section */

/* Begin XCBuildConfiguration section */
		AA3EF1431A23A09200AC2858 /* Debug */ = {
			isa = XCBuildConfiguration;
			buildSettings = {
				ALWAYS_SEARCH_USER_PATHS = NO;
				CLANG_CXX_LANGUAGE_STANDARD = "gnu++0x";
				CLANG_CXX_LIBRARY = "libc++";
				CLANG_ENABLE_MODULES = YES;
				CLANG_ENABLE_OBJC_ARC = YES;
				CLANG_WARN_BOOL_CONVERSION = YES;
				CLANG_WARN_CONSTANT_CONVERSION = YES;
				CLANG_WARN_DIRECT_OBJC_ISA_USAGE = YES_ERROR;
				CLANG_WARN_EMPTY_BODY = YES;
				CLANG_WARN_ENUM_CONVERSION = YES;
				CLANG_WARN_INT_CONVERSION = YES;
				CLANG_WARN_OBJC_ROOT_CLASS = YES_ERROR;
				CLANG_WARN_UNREACHABLE_CODE = YES;
				CLANG_WARN__DUPLICATE_METHOD_MATCH = YES;
				"CODE_SIGN_IDENTITY[sdk=iphoneos*]" = "iPhone Developer";
				COPY_PHASE_STRIP = NO;
				ENABLE_STRICT_OBJC_MSGSEND = YES;
				GCC_C_LANGUAGE_STANDARD = gnu99;
				GCC_DYNAMIC_NO_PIC = NO;
				GCC_OPTIMIZATION_LEVEL = 0;
				GCC_PREPROCESSOR_DEFINITIONS = (
					"DEBUG=1",
					"$(inherited)",
				);
				GCC_SYMBOLS_PRIVATE_EXTERN = NO;
				GCC_WARN_64_TO_32_BIT_CONVERSION = YES;
				GCC_WARN_ABOUT_RETURN_TYPE = YES_ERROR;
				GCC_WARN_UNDECLARED_SELECTOR = YES;
				GCC_WARN_UNINITIALIZED_AUTOS = YES_AGGRESSIVE;
				GCC_WARN_UNUSED_FUNCTION = YES;
				GCC_WARN_UNUSED_VARIABLE = YES;
				IPHONEOS_DEPLOYMENT_TARGET = 8.0;
				MTL_ENABLE_DEBUG_INFO = YES;
				ONLY_ACTIVE_ARCH = YES;
				SDKROOT = iphoneos;
			};
			name = Debug;
		};
		AA3EF1441A23A09200AC2858 /* Release */ = {
			isa = XCBuildConfiguration;
			buildSettings = {
				ALWAYS_SEARCH_USER_PATHS = NO;
				CLANG_CXX_LANGUAGE_STANDARD = "gnu++0x";
				CLANG_CXX_LIBRARY = "libc++";
				CLANG_ENABLE_MODULES = YES;
				CLANG_ENABLE_OBJC_ARC = YES;
				CLANG_WARN_BOOL_CONVERSION = YES;
				CLANG_WARN_CONSTANT_CONVERSION = YES;
				CLANG_WARN_DIRECT_OBJC_ISA_USAGE = YES_ERROR;
				CLANG_WARN_EMPTY_BODY = YES;
				CLANG_WARN_ENUM_CONVERSION = YES;
				CLANG_WARN_INT_CONVERSION = YES;
				CLANG_WARN_OBJC_ROOT_CLASS = YES_ERROR;
				CLANG_WARN_UNREACHABLE_CODE = YES;
				CLANG_WARN__DUPLICATE_METHOD_MATCH = YES;
				"CODE_SIGN_IDENTITY[sdk=iphoneos*]" = "iPhone Developer";
				COPY_PHASE_STRIP = YES;
				ENABLE_NS_ASSERTIONS = NO;
				ENABLE_STRICT_OBJC_MSGSEND = YES;
				GCC_C_LANGUAGE_STANDARD = gnu99;
				GCC_WARN_64_TO_32_BIT_CONVERSION = YES;
				GCC_WARN_ABOUT_RETURN_TYPE = YES_ERROR;
				GCC_WARN_UNDECLARED_SELECTOR = YES;
				GCC_WARN_UNINITIALIZED_AUTOS = YES_AGGRESSIVE;
				GCC_WARN_UNUSED_FUNCTION = YES;
				GCC_WARN_UNUSED_VARIABLE = YES;
				IPHONEOS_DEPLOYMENT_TARGET = 8.0;
				MTL_ENABLE_DEBUG_INFO = NO;
				SDKROOT = iphoneos;
				VALIDATE_PRODUCT = YES;
			};
			name = Release;
		};
		AA3EF1461A23A09200AC2858 /* Debug */ = {
			isa = XCBuildConfiguration;
			buildSettings = {
				ASSETCATALOG_COMPILER_APPICON_NAME = AppIcon;
				INFOPLIST_FILE = MapView2/Info.plist;
				LD_RUNPATH_SEARCH_PATHS = "$(inherited) @executable_path/Frameworks";
				PRODUCT_NAME = "$(TARGET_NAME)";
			};
			name = Debug;
		};
		AA3EF1471A23A09200AC2858 /* Release */ = {
			isa = XCBuildConfiguration;
			buildSettings = {
				ASSETCATALOG_COMPILER_APPICON_NAME = AppIcon;
				INFOPLIST_FILE = MapView2/Info.plist;
				LD_RUNPATH_SEARCH_PATHS = "$(inherited) @executable_path/Frameworks";
				PRODUCT_NAME = "$(TARGET_NAME)";
			};
			name = Release;
		};
		AA3EF1491A23A09200AC2858 /* Debug */ = {
			isa = XCBuildConfiguration;
			buildSettings = {
				BUNDLE_LOADER = "$(TEST_HOST)";
				FRAMEWORK_SEARCH_PATHS = (
					"$(SDKROOT)/Developer/Library/Frameworks",
					"$(inherited)",
				);
				GCC_PREPROCESSOR_DEFINITIONS = (
					"DEBUG=1",
					"$(inherited)",
				);
				INFOPLIST_FILE = MapView2Tests/Info.plist;
				LD_RUNPATH_SEARCH_PATHS = "$(inherited) @executable_path/Frameworks @loader_path/Frameworks";
				PRODUCT_NAME = "$(TARGET_NAME)";
				TEST_HOST = "$(BUILT_PRODUCTS_DIR)/MapView2.app/MapView2";
			};
			name = Debug;
		};
		AA3EF14A1A23A09200AC2858 /* Release */ = {
			isa = XCBuildConfiguration;
			buildSettings = {
				BUNDLE_LOADER = "$(TEST_HOST)";
				FRAMEWORK_SEARCH_PATHS = (
					"$(SDKROOT)/Developer/Library/Frameworks",
					"$(inherited)",
				);
				INFOPLIST_FILE = MapView2Tests/Info.plist;
				LD_RUNPATH_SEARCH_PATHS = "$(inherited) @executable_path/Frameworks @loader_path/Frameworks";
				PRODUCT_NAME = "$(TARGET_NAME)";
				TEST_HOST = "$(BUILT_PRODUCTS_DIR)/MapView2.app/MapView2";
			};
			name = Release;
		};
/* End XCBuildConfiguration section */

/* Begin XCConfigurationList section */
		AA3EF11D1A23A09200AC2858 /* Build configuration list for PBXProject "MapView2" */ = {
			isa = XCConfigurationList;
			buildConfigurations = (
				AA3EF1431A23A09200AC2858 /* Debug */,
				AA3EF1441A23A09200AC2858 /* Release */,
			);
			defaultConfigurationIsVisible = 0;
			defaultConfigurationName = Release;
		};
		AA3EF1451A23A09200AC2858 /* Build configuration list for PBXNativeTarget "MapView2" */ = {
			isa = XCConfigurationList;
			buildConfigurations = (
				AA3EF1461A23A09200AC2858 /* Debug */,
				AA3EF1471A23A09200AC2858 /* Release */,
			);
			defaultConfigurationIsVisible = 0;
			defaultConfigurationName = Release;
		};
		AA3EF1481A23A09200AC2858 /* Build configuration list for PBXNativeTarget "MapView2Tests" */ = {
			isa = XCConfigurationList;
			buildConfigurations = (
				AA3EF1491A23A09200AC2858 /* Debug */,
				AA3EF14A1A23A09200AC2858 /* Release */,
			);
			defaultConfigurationIsVisible = 0;
			defaultConfigurationName = Release;
		};
/* End XCConfigurationList section */
	};
	rootObject = AA3EF11A1A23A09200AC2858 /* Project object */;
}
